
Microsoft Visual Studio Solution File, Format Version 12.00
# Visual Studio Version 17
VisualStudioVersion = 17.1.32228.430
MinimumVisualStudioVersion = 10.0.40219.1
Project("{FAE04EC0-301F-11D3-BF4B-00C04F79EFBC}") = "Vsta", "Vsta\Vsta.csproj", "{9B0461F7-3393-401A-8016-5B190374FAF4}"
EndProject
Project("{FAE04EC0-301F-11D3-BF4B-00C04F79EFBC}") = "LogicaNegocio", "LogicaNegocio\LogicaNegocio.csproj", "{882EE212-8D70-4A97-B96F-C0E009E82A71}"
EndProject
Global
	GlobalSection(SolutionConfigurationPlatforms) = preSolution
		Debug|Any CPU = Debug|Any CPU
		Release|Any CPU = Release|Any CPU
	EndGlobalSection
	GlobalSection(ProjectConfigurationPlatforms) = postSolution
		{9B0461F7-3393-401A-8016-5B190374FAF4}.Debug|Any CPU.ActiveCfg = Debug|Any CPU
		{9B0461F7-3393-401A-8016-5B190374FAF4}.Debug|Any CPU.Build.0 = Debug|Any CPU
		{9B0461F7-3393-401A-8016-5B190374FAF4}.Release|Any CPU.ActiveCfg = Release|Any CPU
		{9B0461F7-3393-401A-8016-5B190374FAF4}.Release|Any CPU.Build.0 = Release|Any CPU
		{882EE212-8D70-4A97-B96F-C0E009E82A71}.Debug|Any CPU.ActiveCfg = Debug|Any CPU
		{882EE212-8D70-4A97-B96F-C0E009E82A71}.Debug|Any CPU.Build.0 = Debug|Any CPU
		{882EE212-8D70-4A97-B96F-C0E009E82A71}.Release|Any CPU.ActiveCfg = Release|Any CPU
		{882EE212-8D70-4A97-B96F-C0E009E82A71}.Release|Any CPU.Build.0 = Release|Any CPU
	EndGlobalSection
	GlobalSection(SolutionProperties) = preSolution
		HideSolutionNode = FALSE
	EndGlobalSection
	GlobalSection(ExtensibilityGlobals) = postSolution
		SolutionGuid = {763A6708-34E3-4322-909F-7A06C7A54DEA}
	EndGlobalSection
EndGlobal
