
Microsoft Visual Studio Solution File, Format Version 12.00
# Visual Studio Version 17
VisualStudioVersion = 17.1.32228.430
MinimumVisualStudioVersion = 10.0.40219.1
Project("{FAE04EC0-301F-11D3-BF4B-00C04F79EFBC}") = "Vista", "Vista\Vista.csproj", "{BB8B30DE-D73D-4A31-B4FA-F05F5D2CB9F4}"
EndProject
Project("{FAE04EC0-301F-11D3-BF4B-00C04F79EFBC}") = "LogicaNegocio", "LogicaNegocio\LogicaNegocio.csproj", "{1D5A548C-74A7-4F91-8C04-04DF05CDC6C4}"
EndProject
Global
	GlobalSection(SolutionConfigurationPlatforms) = preSolution
		Debug|Any CPU = Debug|Any CPU
		Release|Any CPU = Release|Any CPU
	EndGlobalSection
	GlobalSection(ProjectConfigurationPlatforms) = postSolution
		{BB8B30DE-D73D-4A31-B4FA-F05F5D2CB9F4}.Debug|Any CPU.ActiveCfg = Debug|Any CPU
		{BB8B30DE-D73D-4A31-B4FA-F05F5D2CB9F4}.Debug|Any CPU.Build.0 = Debug|Any CPU
		{BB8B30DE-D73D-4A31-B4FA-F05F5D2CB9F4}.Release|Any CPU.ActiveCfg = Release|Any CPU
		{BB8B30DE-D73D-4A31-B4FA-F05F5D2CB9F4}.Release|Any CPU.Build.0 = Release|Any CPU
		{1D5A548C-74A7-4F91-8C04-04DF05CDC6C4}.Debug|Any CPU.ActiveCfg = Debug|Any CPU
		{1D5A548C-74A7-4F91-8C04-04DF05CDC6C4}.Debug|Any CPU.Build.0 = Debug|Any CPU
		{1D5A548C-74A7-4F91-8C04-04DF05CDC6C4}.Release|Any CPU.ActiveCfg = Release|Any CPU
		{1D5A548C-74A7-4F91-8C04-04DF05CDC6C4}.Release|Any CPU.Build.0 = Release|Any CPU
	EndGlobalSection
	GlobalSection(SolutionProperties) = preSolution
		HideSolutionNode = FALSE
	EndGlobalSection
	GlobalSection(ExtensibilityGlobals) = postSolution
		SolutionGuid = {27F8B5BB-E097-460A-AA16-4A0A00FAF5AB}
	EndGlobalSection
EndGlobal
