
Microsoft Visual Studio Solution File, Format Version 12.00
# Visual Studio Version 17
VisualStudioVersion = 17.1.32228.430
MinimumVisualStudioVersion = 10.0.40219.1
Project("{FAE04EC0-301F-11D3-BF4B-00C04F79EFBC}") = "Biblioteca", "Biblioteca\Biblioteca.csproj", "{BC5F9B1E-7B58-428D-9AEE-E4FF519C8AFF}"
EndProject
Project("{FAE04EC0-301F-11D3-BF4B-00C04F79EFBC}") = "Consola", "Consola\Consola.csproj", "{CC28B481-168D-416D-9D09-F3CE248A7B15}"
EndProject
Global
	GlobalSection(SolutionConfigurationPlatforms) = preSolution
		Debug|Any CPU = Debug|Any CPU
		Release|Any CPU = Release|Any CPU
	EndGlobalSection
	GlobalSection(ProjectConfigurationPlatforms) = postSolution
		{BC5F9B1E-7B58-428D-9AEE-E4FF519C8AFF}.Debug|Any CPU.ActiveCfg = Debug|Any CPU
		{BC5F9B1E-7B58-428D-9AEE-E4FF519C8AFF}.Debug|Any CPU.Build.0 = Debug|Any CPU
		{BC5F9B1E-7B58-428D-9AEE-E4FF519C8AFF}.Release|Any CPU.ActiveCfg = Release|Any CPU
		{BC5F9B1E-7B58-428D-9AEE-E4FF519C8AFF}.Release|Any CPU.Build.0 = Release|Any CPU
		{CC28B481-168D-416D-9D09-F3CE248A7B15}.Debug|Any CPU.ActiveCfg = Debug|Any CPU
		{CC28B481-168D-416D-9D09-F3CE248A7B15}.Debug|Any CPU.Build.0 = Debug|Any CPU
		{CC28B481-168D-416D-9D09-F3CE248A7B15}.Release|Any CPU.ActiveCfg = Release|Any CPU
		{CC28B481-168D-416D-9D09-F3CE248A7B15}.Release|Any CPU.Build.0 = Release|Any CPU
	EndGlobalSection
	GlobalSection(SolutionProperties) = preSolution
		HideSolutionNode = FALSE
	EndGlobalSection
	GlobalSection(ExtensibilityGlobals) = postSolution
		SolutionGuid = {4D16CD6D-D574-4FD0-BC84-359F703FA0B6}
	EndGlobalSection
EndGlobal
